<?xml version="1.0" encoding="UTF-8"?>
<Scheme
   LastUpgradeVersion = "1320"
   version = "1.7">
   <BuildAction
      parallelizeBuildables = "YES"
      buildImplicitDependencies = "YES">
      <PreActions>
         <ExecutionAction
            ActionType = "Xcode.IDEStandardExecutionActionsCore.ExecutionActionType.ShellScriptAction">
            <ActionContent
               title = "Run Script"
               scriptText = "# Reset feature flags for current configuration&#10;${SRCROOT}/../../build-tools/scripts/feature-flags/reset_feature_flags.sh &quot;${SRCROOT}/GuideDogs/Assets/Configurations/FeatureFlags-${CONFIGURATION}.xcconfig&quot;&#10;">
               <EnvironmentBuildable>
                  <BuildableReference
                     BuildableIdentifier = "primary"
                     BlueprintIdentifier = "D3D7CFC71B3D96460020B5E9"
                     BuildableName = "Soundscape.app"
                     BlueprintName = "Soundscape"
                     ReferencedContainer = "container:GuideDogs.xcodeproj">
                  </BuildableReference>
               </EnvironmentBuildable>
            </ActionContent>
         </ExecutionAction>
         <ExecutionAction
            ActionType = "Xcode.IDEStandardExecutionActionsCore.ExecutionActionType.ShellScriptAction">
            <ActionContent
               title = "Run Script"
               scriptText = "# Set &apos;FF_ENABLE_ALL&apos; feature flag for current configuration&#10;${SRCROOT}/../../build-tools/scripts/feature-flags/set_feature_flags.sh &quot;${SRCROOT}/GuideDogs/Assets/Configurations/FeatureFlags-${CONFIGURATION}.xcconfig&quot; &quot;-D FF_DISABLE_ALL -D SCREENSHOTS_GENERATOR&quot;&#10;">
               <EnvironmentBuildable>
                  <BuildableReference
                     BuildableIdentifier = "primary"
                     BlueprintIdentifier = "D3D7CFC71B3D96460020B5E9"
                     BuildableName = "Soundscape.app"
                     BlueprintName = "Soundscape"
                     ReferencedContainer = "container:GuideDogs.xcodeproj">
                  </BuildableReference>
               </EnvironmentBuildable>
            </ActionContent>
         </ExecutionAction>
      </PreActions>
      <PostActions>
         <ExecutionAction
            ActionType = "Xcode.IDEStandardExecutionActionsCore.ExecutionActionType.ShellScriptAction">
            <ActionContent
               title = "Run Script"
               scriptText = "# Reset feature flags for current configuration&#10;${SRCROOT}/../../build-tools/scripts/feature-flags/reset_feature_flags.sh &quot;${SRCROOT}/GuideDogs/Assets/Configurations/FeatureFlags-${CONFIGURATION}.xcconfig&quot;&#10;">
               <EnvironmentBuildable>
                  <BuildableReference
                     BuildableIdentifier = "primary"
                     BlueprintIdentifier = "D3D7CFC71B3D96460020B5E9"
                     BuildableName = "Soundscape.app"
                     BlueprintName = "Soundscape"
                     ReferencedContainer = "container:GuideDogs.xcodeproj">
                  </BuildableReference>
               </EnvironmentBuildable>
            </ActionContent>
         </ExecutionAction>
      </PostActions>
      <BuildActionEntries>
         <BuildActionEntry
            buildForTesting = "YES"
            buildForRunning = "YES"
            buildForProfiling = "YES"
            buildForArchiving = "YES"
            buildForAnalyzing = "YES">
            <BuildableReference
               BuildableIdentifier = "primary"
               BlueprintIdentifier = "D3D7CFC71B3D96460020B5E9"
               BuildableName = "Soundscape.app"
               BlueprintName = "Soundscape"
               ReferencedContainer = "container:GuideDogs.xcodeproj">
            </BuildableReference>
         </BuildActionEntry>
         <BuildActionEntry
            buildForTesting = "YES"
            buildForRunning = "NO"
            buildForProfiling = "NO"
            buildForArchiving = "NO"
            buildForAnalyzing = "NO">
            <BuildableReference
               BuildableIdentifier = "primary"
               BlueprintIdentifier = "D3D7CFE31B3D96470020B5E9"
               BuildableName = "SoundscapeUnitTests.xctest"
               BlueprintName = "SoundscapeUnitTests"
               ReferencedContainer = "container:GuideDogs.xcodeproj">
            </BuildableReference>
         </BuildActionEntry>
      </BuildActionEntries>
   </BuildAction>
   <TestAction
      buildConfiguration = "Debug"
      selectedDebuggerIdentifier = "Xcode.DebuggerFoundation.Debugger.LLDB"
      selectedLauncherIdentifier = "Xcode.DebuggerFoundation.Launcher.LLDB"
      shouldUseLaunchSchemeArgsEnv = "NO">
      <MacroExpansion>
         <BuildableReference
            BuildableIdentifier = "primary"
            BlueprintIdentifier = "D3D7CFC71B3D96460020B5E9"
            BuildableName = "Soundscape.app"
            BlueprintName = "Soundscape"
            ReferencedContainer = "container:GuideDogs.xcodeproj">
         </BuildableReference>
      </MacroExpansion>
      <CommandLineArguments>
         <CommandLineArgument
            argument = "-TESTING"
            isEnabled = "YES">
         </CommandLineArgument>
      </CommandLineArguments>
      <Testables>
         <TestableReference
            skipped = "NO">
            <BuildableReference
               BuildableIdentifier = "primary"
               BlueprintIdentifier = "B9904BC025C8BE3F00C4BC03"
               BuildableName = "SoundscapeScreenshotsGenerator.xctest"
               BlueprintName = "SoundscapeScreenshotsGenerator"
               ReferencedContainer = "container:GuideDogs.xcodeproj">
            </BuildableReference>
            <SkippedTests>
               <Test
                  Identifier = "SoundscapeScreenshotsGenerator/testScreenshot1()">
               </Test>
               <Test
                  Identifier = "SoundscapeScreenshotsGenerator/testScreenshot3()">
               </Test>
               <Test
                  Identifier = "SoundscapeScreenshotsGenerator/testScreenshot5()">
               </Test>
            </SkippedTests>
            <LocationScenarioReference
               identifier = "com.apple.dt.IDEFoundation.CurrentLocationScenarioIdentifier"
               referenceType = "1">
            </LocationScenarioReference>
         </TestableReference>
      </Testables>
   </TestAction>
   <LaunchAction
      buildConfiguration = "Debug"
      selectedDebuggerIdentifier = "Xcode.DebuggerFoundation.Debugger.LLDB"
      selectedLauncherIdentifier = "Xcode.DebuggerFoundation.Launcher.LLDB"
      launchStyle = "0"
      useCustomWorkingDirectory = "NO"
      ignoresPersistentStateOnLaunch = "NO"
      debugDocumentVersioning = "YES"
      debugServiceExtension = "internal"
      allowLocationSimulation = "YES">
      <BuildableProductRunnable
         runnableDebuggingMode = "0">
         <BuildableReference
            BuildableIdentifier = "primary"
            BlueprintIdentifier = "D3D7CFC71B3D96460020B5E9"
            BuildableName = "Soundscape.app"
            BlueprintName = "Soundscape"
            ReferencedContainer = "container:GuideDogs.xcodeproj">
         </BuildableReference>
      </BuildableProductRunnable>
      <EnvironmentVariables>
         <EnvironmentVariable
            key = "OS_ACTIVITY_MODE"
            value = "disable"
            isEnabled = "YES">
         </EnvironmentVariable>
      </EnvironmentVariables>
      <LocationScenarioReference
         identifier = "com.apple.dt.IDEFoundation.CurrentLocationScenarioIdentifier"
         referenceType = "1">
      </LocationScenarioReference>
   </LaunchAction>
   <ProfileAction
      buildConfiguration = "Release"
      shouldUseLaunchSchemeArgsEnv = "YES"
      savedToolIdentifier = ""
      useCustomWorkingDirectory = "NO"
      debugDocumentVersioning = "YES">
      <BuildableProductRunnable
         runnableDebuggingMode = "0">
         <BuildableReference
            BuildableIdentifier = "primary"
            BlueprintIdentifier = "D3D7CFC71B3D96460020B5E9"
            BuildableName = "Soundscape.app"
            BlueprintName = "Soundscape"
            ReferencedContainer = "container:GuideDogs.xcodeproj">
         </BuildableReference>
      </BuildableProductRunnable>
   </ProfileAction>
   <AnalyzeAction
      buildConfiguration = "Release">
   </AnalyzeAction>
   <ArchiveAction
      buildConfiguration = "Release"
      customArchiveName = "Soundscape"
      revealArchiveInOrganizer = "YES">
   </ArchiveAction>
</Scheme>
