PODS:
  - iOS-GPX-Framework (0.0.2):
    - TBXML (~> 1.5)
  - TBXML (1.5)

DEPENDENCIES:
  - iOS-GPX-Framework (= 0.0.2)

SPEC REPOS:
  trunk:
    - iOS-GPX-Framework
    - TBXML

SPEC CHECKSUMS:
  iOS-GPX-Framework: f6d50c6664a1747746b73da6899b1fc9a1f81ff6
  TBXML: 9f9dadb239f2f2af1dadb87fe43a0ce6e479379a

PODFILE CHECKSUM: 3ada4d86754d535f326ac49c40608ac6e6a4d883

COCOAPODS: 1.11.3
